// !$*UTF8*$!
{
	archiveVersion = 1;
	classes = {
	};
	objectVersion = 51;
	objects = {

/* Begin PBXBuildFile section */
		17B778F045C6066753C5F3E7 /* Pods_AmartPhoto_AmartPhotoUITests.framework in Frameworks */ = {isa = PBXBuildFile; fileRef = 7628BEC4F32CAAC2861ABCE1 /* Pods_AmartPhoto_AmartPhotoUITests.framework */; };
		5D5B5C050CC04216D9534FCE /* Pods_AmartPhoto.framework in Frameworks */ = {isa = PBXBuildFile; fileRef = FF12AE7D800AC6C88BA17E90 /* Pods_AmartPhoto.framework */; };
		9320AA83254B580000FA2E57 /* ProjectsViewController.swift in Sources */ = {isa = PBXBuildFile; fileRef = 9320AA82254B580000FA2E57 /* ProjectsViewController.swift */; };
		9320AA89254B586800FA2E57 /* ProjectsTableViewCell.swift in Sources */ = {isa = PBXBuildFile; fileRef = 9320AA88254B586800FA2E57 /* ProjectsTableViewCell.swift */; };
		9320AA91254B691C00FA2E57 /* ProfileViewController.swift in Sources */ = {isa = PBXBuildFile; fileRef = 9320AA90254B691C00FA2E57 /* ProfileViewController.swift */; };
		9320AA96254B6C4500FA2E57 /* CompletedProjectsTableViewCell.swift in Sources */ = {isa = PBXBuildFile; fileRef = 9320AA95254B6C4500FA2E57 /* CompletedProjectsTableViewCell.swift */; };
		9320AA9B254BCF4B00FA2E57 /* ProjectDetailViewController.swift in Sources */ = {isa = PBXBuildFile; fileRef = 9320AA9A254BCF4A00FA2E57 /* ProjectDetailViewController.swift */; };
		9320AAA0254CC25500FA2E57 /* CreateTransactionViewController.swift in Sources */ = {isa = PBXBuildFile; fileRef = 9320AA9F254CC25500FA2E57 /* CreateTransactionViewController.swift */; };
		9320AAA5254F8EDB00FA2E57 /* CreateTransactionContinuedViewController.swift in Sources */ = {isa = PBXBuildFile; fileRef = 9320AAA4254F8EDA00FA2E57 /* CreateTransactionContinuedViewController.swift */; };
		937E0003257365A200718E2F /* InformationViewController.swift in Sources */ = {isa = PBXBuildFile; fileRef = 937E0002257365A100718E2F /* InformationViewController.swift */; };
		937EFFFB257346C100718E2F /* MenuViewController.swift in Sources */ = {isa = PBXBuildFile; fileRef = 937EFFFA257346C100718E2F /* MenuViewController.swift */; };
		93A3BA102548E6AF0005257A /* AppDelegate.swift in Sources */ = {isa = PBXBuildFile; fileRef = 93A3BA0F2548E6AF0005257A /* AppDelegate.swift */; };
		93A3BA122548E6AF0005257A /* SceneDelegate.swift in Sources */ = {isa = PBXBuildFile; fileRef = 93A3BA112548E6AF0005257A /* SceneDelegate.swift */; };
		93A3BA172548E6AF0005257A /* Amart.storyboard in Resources */ = {isa = PBXBuildFile; fileRef = 93A3BA152548E6AF0005257A /* Amart.storyboard */; };
		93A3BA192548E6B30005257A /* Assets.xcassets in Resources */ = {isa = PBXBuildFile; fileRef = 93A3BA182548E6B30005257A /* Assets.xcassets */; };
		93A3BA1C2548E6B30005257A /* LaunchScreen.storyboard in Resources */ = {isa = PBXBuildFile; fileRef = 93A3BA1A2548E6B30005257A /* LaunchScreen.storyboard */; };
		93A3BA272548E6B30005257A /* AmartPhotoTests.swift in Sources */ = {isa = PBXBuildFile; fileRef = 93A3BA262548E6B30005257A /* AmartPhotoTests.swift */; };
		93A3BA322548E6B40005257A /* AmartPhotoUITests.swift in Sources */ = {isa = PBXBuildFile; fileRef = 93A3BA312548E6B40005257A /* AmartPhotoUITests.swift */; };
		93A3BA4C2548E7460005257A /* User.swift in Sources */ = {isa = PBXBuildFile; fileRef = 93A3BA4B2548E7460005257A /* User.swift */; };
		93A3BA512548E79B0005257A /* Transaction.swift in Sources */ = {isa = PBXBuildFile; fileRef = 93A3BA502548E79B0005257A /* Transaction.swift */; };
		93C613DD255A4D7800D7ECEC /* GoogleService-Info.plist in Resources */ = {isa = PBXBuildFile; fileRef = 93C613DC255A4D7800D7ECEC /* GoogleService-Info.plist */; };
		93C61418255B772400D7ECEC /* StyleGuide.swift in Sources */ = {isa = PBXBuildFile; fileRef = 93C61417255B772300D7ECEC /* StyleGuide.swift */; };
		93C61420255C8F9900D7ECEC /* InitialViewController.swift in Sources */ = {isa = PBXBuildFile; fileRef = 93C6141F255C8F9900D7ECEC /* InitialViewController.swift */; };
		93C795192552345E0014DFD0 /* UserController.swift in Sources */ = {isa = PBXBuildFile; fileRef = 93C795182552345E0014DFD0 /* UserController.swift */; };
		93C7951E2552346C0014DFD0 /* TransactionController.swift in Sources */ = {isa = PBXBuildFile; fileRef = 93C7951D2552346C0014DFD0 /* TransactionController.swift */; };
		93C79538255355930014DFD0 /* Packages.swift in Sources */ = {isa = PBXBuildFile; fileRef = 93C79537255355930014DFD0 /* Packages.swift */; };
		93C7953D255355E90014DFD0 /* AddOns.swift in Sources */ = {isa = PBXBuildFile; fileRef = 93C7953C255355E90014DFD0 /* AddOns.swift */; };
		93C7954225535DC40014DFD0 /* PackageCollectionViewCell.swift in Sources */ = {isa = PBXBuildFile; fileRef = 93C7954125535DC40014DFD0 /* PackageCollectionViewCell.swift */; };
		93C7954725535DD40014DFD0 /* AddOnCollectionViewCell.swift in Sources */ = {isa = PBXBuildFile; fileRef = 93C7954625535DD40014DFD0 /* AddOnCollectionViewCell.swift */; };
		93C79556255386790014DFD0 /* DateExtension.swift in Sources */ = {isa = PBXBuildFile; fileRef = 93C79555255386780014DFD0 /* DateExtension.swift */; };
		93C795652554B7610014DFD0 /* Main.storyboard in Resources */ = {isa = PBXBuildFile; fileRef = 93C795642554B7600014DFD0 /* Main.storyboard */; };
		93C7956F255504BD0014DFD0 /* AmartButton.swift in Sources */ = {isa = PBXBuildFile; fileRef = 93C7956E255504BC0014DFD0 /* AmartButton.swift */; };
		93C79577255505940014DFD0 /* LogInViewController.swift in Sources */ = {isa = PBXBuildFile; fileRef = 93C79576255505940014DFD0 /* LogInViewController.swift */; };
		93C7957F2555067D0014DFD0 /* SignUpViewController.swift in Sources */ = {isa = PBXBuildFile; fileRef = 93C7957E2555067D0014DFD0 /* SignUpViewController.swift */; };
		93C795842555068C0014DFD0 /* SignUpContinuedViewController.swift in Sources */ = {isa = PBXBuildFile; fileRef = 93C795832555068C0014DFD0 /* SignUpContinuedViewController.swift */; };
		A058A72775598F20B8CCFA83 /* Pods_AmartPhotoTests.framework in Frameworks */ = {isa = PBXBuildFile; fileRef = C9FC08EF47B26A36ED3B9DA0 /* Pods_AmartPhotoTests.framework */; };
/* End PBXBuildFile section */

/* Begin PBXContainerItemProxy section */
		93A3BA232548E6B30005257A /* PBXContainerItemProxy */ = {
			isa = PBXContainerItemProxy;
			containerPortal = 93A3BA042548E6AF0005257A /* Project object */;
			proxyType = 1;
			remoteGlobalIDString = 93A3BA0B2548E6AF0005257A;
			remoteInfo = AmartPhoto;
		};
		93A3BA2E2548E6B40005257A /* PBXContainerItemProxy */ = {
			isa = PBXContainerItemProxy;
			containerPortal = 93A3BA042548E6AF0005257A /* Project object */;
			proxyType = 1;
			remoteGlobalIDString = 93A3BA0B2548E6AF0005257A;
			remoteInfo = AmartPhoto;
		};
/* End PBXContainerItemProxy section */

/* Begin PBXFileReference section */
		36E2507215A6E68ED059FE6A /* Pods-AmartPhotoTests.debug.xcconfig */ = {isa = PBXFileReference; includeInIndex = 1; lastKnownFileType = text.xcconfig; name = "Pods-AmartPhotoTests.debug.xcconfig"; path = "Target Support Files/Pods-AmartPhotoTests/Pods-AmartPhotoTests.debug.xcconfig"; sourceTree = "<group>"; };
		406248FE410769A838AD5391 /* Pods-AmartPhoto-AmartPhotoUITests.release.xcconfig */ = {isa = PBXFileReference; includeInIndex = 1; lastKnownFileType = text.xcconfig; name = "Pods-AmartPhoto-AmartPhotoUITests.release.xcconfig"; path = "Target Support Files/Pods-AmartPhoto-AmartPhotoUITests/Pods-AmartPhoto-AmartPhotoUITests.release.xcconfig"; sourceTree = "<group>"; };
		6C7DDBF07247BFC5017E11BE /* Pods-AmartPhotoTests.release.xcconfig */ = {isa = PBXFileReference; includeInIndex = 1; lastKnownFileType = text.xcconfig; name = "Pods-AmartPhotoTests.release.xcconfig"; path = "Target Support Files/Pods-AmartPhotoTests/Pods-AmartPhotoTests.release.xcconfig"; sourceTree = "<group>"; };
		7628BEC4F32CAAC2861ABCE1 /* Pods_AmartPhoto_AmartPhotoUITests.framework */ = {isa = PBXFileReference; explicitFileType = wrapper.framework; includeInIndex = 0; path = Pods_AmartPhoto_AmartPhotoUITests.framework; sourceTree = BUILT_PRODUCTS_DIR; };
		9320AA82254B580000FA2E57 /* ProjectsViewController.swift */ = {isa = PBXFileReference; lastKnownFileType = sourcecode.swift; path = ProjectsViewController.swift; sourceTree = "<group>"; };
		9320AA88254B586800FA2E57 /* ProjectsTableViewCell.swift */ = {isa = PBXFileReference; lastKnownFileType = sourcecode.swift; path = ProjectsTableViewCell.swift; sourceTree = "<group>"; };
		9320AA90254B691C00FA2E57 /* ProfileViewController.swift */ = {isa = PBXFileReference; lastKnownFileType = sourcecode.swift; path = ProfileViewController.swift; sourceTree = "<group>"; };
		9320AA95254B6C4500FA2E57 /* CompletedProjectsTableViewCell.swift */ = {isa = PBXFileReference; lastKnownFileType = sourcecode.swift; path = CompletedProjectsTableViewCell.swift; sourceTree = "<group>"; };
		9320AA9A254BCF4A00FA2E57 /* ProjectDetailViewController.swift */ = {isa = PBXFileReference; lastKnownFileType = sourcecode.swift; path = ProjectDetailViewController.swift; sourceTree = "<group>"; };
		9320AA9F254CC25500FA2E57 /* CreateTransactionViewController.swift */ = {isa = PBXFileReference; lastKnownFileType = sourcecode.swift; path = CreateTransactionViewController.swift; sourceTree = "<group>"; };
		9320AAA4254F8EDA00FA2E57 /* CreateTransactionContinuedViewController.swift */ = {isa = PBXFileReference; lastKnownFileType = sourcecode.swift; path = CreateTransactionContinuedViewController.swift; sourceTree = "<group>"; };
		937E0002257365A100718E2F /* InformationViewController.swift */ = {isa = PBXFileReference; lastKnownFileType = sourcecode.swift; path = InformationViewController.swift; sourceTree = "<group>"; };
		937EFFF2256E277400718E2F /* AmartPhoto.entitlements */ = {isa = PBXFileReference; lastKnownFileType = text.plist.entitlements; path = AmartPhoto.entitlements; sourceTree = "<group>"; };
		937EFFFA257346C100718E2F /* MenuViewController.swift */ = {isa = PBXFileReference; lastKnownFileType = sourcecode.swift; path = MenuViewController.swift; sourceTree = "<group>"; };
		93A3BA0C2548E6AF0005257A /* AmartPhoto.app */ = {isa = PBXFileReference; explicitFileType = wrapper.application; includeInIndex = 0; path = AmartPhoto.app; sourceTree = BUILT_PRODUCTS_DIR; };
		93A3BA0F2548E6AF0005257A /* AppDelegate.swift */ = {isa = PBXFileReference; lastKnownFileType = sourcecode.swift; path = AppDelegate.swift; sourceTree = "<group>"; };
		93A3BA112548E6AF0005257A /* SceneDelegate.swift */ = {isa = PBXFileReference; lastKnownFileType = sourcecode.swift; path = SceneDelegate.swift; sourceTree = "<group>"; };
		93A3BA162548E6AF0005257A /* Base */ = {isa = PBXFileReference; lastKnownFileType = file.storyboard; name = Base; path = Base.lproj/Amart.storyboard; sourceTree = "<group>"; };
		93A3BA182548E6B30005257A /* Assets.xcassets */ = {isa = PBXFileReference; lastKnownFileType = folder.assetcatalog; path = Assets.xcassets; sourceTree = "<group>"; };
		93A3BA1B2548E6B30005257A /* Base */ = {isa = PBXFileReference; lastKnownFileType = file.storyboard; name = Base; path = Base.lproj/LaunchScreen.storyboard; sourceTree = "<group>"; };
		93A3BA1D2548E6B30005257A /* Info.plist */ = {isa = PBXFileReference; lastKnownFileType = text.plist.xml; path = Info.plist; sourceTree = "<group>"; };
		93A3BA222548E6B30005257A /* AmartPhotoTests.xctest */ = {isa = PBXFileReference; explicitFileType = wrapper.cfbundle; includeInIndex = 0; path = AmartPhotoTests.xctest; sourceTree = BUILT_PRODUCTS_DIR; };
		93A3BA262548E6B30005257A /* AmartPhotoTests.swift */ = {isa = PBXFileReference; lastKnownFileType = sourcecode.swift; path = AmartPhotoTests.swift; sourceTree = "<group>"; };
		93A3BA282548E6B30005257A /* Info.plist */ = {isa = PBXFileReference; lastKnownFileType = text.plist.xml; path = Info.plist; sourceTree = "<group>"; };
		93A3BA2D2548E6B40005257A /* AmartPhotoUITests.xctest */ = {isa = PBXFileReference; explicitFileType = wrapper.cfbundle; includeInIndex = 0; path = AmartPhotoUITests.xctest; sourceTree = BUILT_PRODUCTS_DIR; };
		93A3BA312548E6B40005257A /* AmartPhotoUITests.swift */ = {isa = PBXFileReference; lastKnownFileType = sourcecode.swift; path = AmartPhotoUITests.swift; sourceTree = "<group>"; };
		93A3BA332548E6B40005257A /* Info.plist */ = {isa = PBXFileReference; lastKnownFileType = text.plist.xml; path = Info.plist; sourceTree = "<group>"; };
		93A3BA4B2548E7460005257A /* User.swift */ = {isa = PBXFileReference; lastKnownFileType = sourcecode.swift; path = User.swift; sourceTree = "<group>"; };
		93A3BA502548E79B0005257A /* Transaction.swift */ = {isa = PBXFileReference; lastKnownFileType = sourcecode.swift; path = Transaction.swift; sourceTree = "<group>"; };
		93C613DC255A4D7800D7ECEC /* GoogleService-Info.plist */ = {isa = PBXFileReference; fileEncoding = 4; lastKnownFileType = text.plist.xml; path = "GoogleService-Info.plist"; sourceTree = "<group>"; };
		93C61417255B772300D7ECEC /* StyleGuide.swift */ = {isa = PBXFileReference; lastKnownFileType = sourcecode.swift; path = StyleGuide.swift; sourceTree = "<group>"; };
		93C6141F255C8F9900D7ECEC /* InitialViewController.swift */ = {isa = PBXFileReference; lastKnownFileType = sourcecode.swift; path = InitialViewController.swift; sourceTree = "<group>"; };
		93C795182552345E0014DFD0 /* UserController.swift */ = {isa = PBXFileReference; lastKnownFileType = sourcecode.swift; path = UserController.swift; sourceTree = "<group>"; };
		93C7951D2552346C0014DFD0 /* TransactionController.swift */ = {isa = PBXFileReference; lastKnownFileType = sourcecode.swift; path = TransactionController.swift; sourceTree = "<group>"; };
		93C79537255355930014DFD0 /* Packages.swift */ = {isa = PBXFileReference; lastKnownFileType = sourcecode.swift; path = Packages.swift; sourceTree = "<group>"; };
		93C7953C255355E90014DFD0 /* AddOns.swift */ = {isa = PBXFileReference; lastKnownFileType = sourcecode.swift; path = AddOns.swift; sourceTree = "<group>"; };
		93C7954125535DC40014DFD0 /* PackageCollectionViewCell.swift */ = {isa = PBXFileReference; lastKnownFileType = sourcecode.swift; path = PackageCollectionViewCell.swift; sourceTree = "<group>"; };
		93C7954625535DD40014DFD0 /* AddOnCollectionViewCell.swift */ = {isa = PBXFileReference; lastKnownFileType = sourcecode.swift; path = AddOnCollectionViewCell.swift; sourceTree = "<group>"; };
		93C79555255386780014DFD0 /* DateExtension.swift */ = {isa = PBXFileReference; lastKnownFileType = sourcecode.swift; path = DateExtension.swift; sourceTree = "<group>"; };
		93C795642554B7600014DFD0 /* Main.storyboard */ = {isa = PBXFileReference; lastKnownFileType = file.storyboard; path = Main.storyboard; sourceTree = "<group>"; };
		93C7956E255504BC0014DFD0 /* AmartButton.swift */ = {isa = PBXFileReference; lastKnownFileType = sourcecode.swift; path = AmartButton.swift; sourceTree = "<group>"; };
		93C79576255505940014DFD0 /* LogInViewController.swift */ = {isa = PBXFileReference; lastKnownFileType = sourcecode.swift; path = LogInViewController.swift; sourceTree = "<group>"; };
		93C7957E2555067D0014DFD0 /* SignUpViewController.swift */ = {isa = PBXFileReference; lastKnownFileType = sourcecode.swift; path = SignUpViewController.swift; sourceTree = "<group>"; };
		93C795832555068C0014DFD0 /* SignUpContinuedViewController.swift */ = {isa = PBXFileReference; lastKnownFileType = sourcecode.swift; path = SignUpContinuedViewController.swift; sourceTree = "<group>"; };
		9DB4DF71583B6819E2E38CDC /* Pods-AmartPhoto.debug.xcconfig */ = {isa = PBXFileReference; includeInIndex = 1; lastKnownFileType = text.xcconfig; name = "Pods-AmartPhoto.debug.xcconfig"; path = "Target Support Files/Pods-AmartPhoto/Pods-AmartPhoto.debug.xcconfig"; sourceTree = "<group>"; };
		C3EC7F8043A3E5E616641868 /* Pods-AmartPhoto-AmartPhotoUITests.debug.xcconfig */ = {isa = PBXFileReference; includeInIndex = 1; lastKnownFileType = text.xcconfig; name = "Pods-AmartPhoto-AmartPhotoUITests.debug.xcconfig"; path = "Target Support Files/Pods-AmartPhoto-AmartPhotoUITests/Pods-AmartPhoto-AmartPhotoUITests.debug.xcconfig"; sourceTree = "<group>"; };
		C9FC08EF47B26A36ED3B9DA0 /* Pods_AmartPhotoTests.framework */ = {isa = PBXFileReference; explicitFileType = wrapper.framework; includeInIndex = 0; path = Pods_AmartPhotoTests.framework; sourceTree = BUILT_PRODUCTS_DIR; };
		D65D1FB2AE98246FB0847DAE /* Pods-AmartPhoto.release.xcconfig */ = {isa = PBXFileReference; includeInIndex = 1; lastKnownFileType = text.xcconfig; name = "Pods-AmartPhoto.release.xcconfig"; path = "Target Support Files/Pods-AmartPhoto/Pods-AmartPhoto.release.xcconfig"; sourceTree = "<group>"; };
		FF12AE7D800AC6C88BA17E90 /* Pods_AmartPhoto.framework */ = {isa = PBXFileReference; explicitFileType = wrapper.framework; includeInIndex = 0; path = Pods_AmartPhoto.framework; sourceTree = BUILT_PRODUCTS_DIR; };
/* End PBXFileReference section */

/* Begin PBXFrameworksBuildPhase section */
		93A3BA092548E6AF0005257A /* Frameworks */ = {
			isa = PBXFrameworksBuildPhase;
			buildActionMask = 2147483647;
			files = (
				5D5B5C050CC04216D9534FCE /* Pods_AmartPhoto.framework in Frameworks */,
			);
			runOnlyForDeploymentPostprocessing = 0;
		};
		93A3BA1F2548E6B30005257A /* Frameworks */ = {
			isa = PBXFrameworksBuildPhase;
			buildActionMask = 2147483647;
			files = (
				A058A72775598F20B8CCFA83 /* Pods_AmartPhotoTests.framework in Frameworks */,
			);
			runOnlyForDeploymentPostprocessing = 0;
		};
		93A3BA2A2548E6B40005257A /* Frameworks */ = {
			isa = PBXFrameworksBuildPhase;
			buildActionMask = 2147483647;
			files = (
				17B778F045C6066753C5F3E7 /* Pods_AmartPhoto_AmartPhotoUITests.framework in Frameworks */,
			);
			runOnlyForDeploymentPostprocessing = 0;
		};
/* End PBXFrameworksBuildPhase section */

/* Begin PBXGroup section */
		258A9CFD20949B0984C9C83B /* Pods */ = {
			isa = PBXGroup;
			children = (
				9DB4DF71583B6819E2E38CDC /* Pods-AmartPhoto.debug.xcconfig */,
				D65D1FB2AE98246FB0847DAE /* Pods-AmartPhoto.release.xcconfig */,
				C3EC7F8043A3E5E616641868 /* Pods-AmartPhoto-AmartPhotoUITests.debug.xcconfig */,
				406248FE410769A838AD5391 /* Pods-AmartPhoto-AmartPhotoUITests.release.xcconfig */,
				36E2507215A6E68ED059FE6A /* Pods-AmartPhotoTests.debug.xcconfig */,
				6C7DDBF07247BFC5017E11BE /* Pods-AmartPhotoTests.release.xcconfig */,
			);
			path = Pods;
			sourceTree = "<group>";
		};
		9320AA87254B585100FA2E57 /* CustomViews */ = {
			isa = PBXGroup;
			children = (
				9320AA88254B586800FA2E57 /* ProjectsTableViewCell.swift */,
				9320AA95254B6C4500FA2E57 /* CompletedProjectsTableViewCell.swift */,
				93C7954125535DC40014DFD0 /* PackageCollectionViewCell.swift */,
				93C7954625535DD40014DFD0 /* AddOnCollectionViewCell.swift */,
			);
			path = CustomViews;
			sourceTree = "<group>";
		};
		93A3BA032548E6AF0005257A = {
			isa = PBXGroup;
			children = (
				93A3BA0E2548E6AF0005257A /* AmartPhoto */,
				93A3BA252548E6B30005257A /* AmartPhotoTests */,
				93A3BA302548E6B40005257A /* AmartPhotoUITests */,
				93A3BA0D2548E6AF0005257A /* Products */,
				258A9CFD20949B0984C9C83B /* Pods */,
				CA5BD1908B50C67CCA5DBCD6 /* Frameworks */,
			);
			sourceTree = "<group>";
		};
		93A3BA0D2548E6AF0005257A /* Products */ = {
			isa = PBXGroup;
			children = (
				93A3BA0C2548E6AF0005257A /* AmartPhoto.app */,
				93A3BA222548E6B30005257A /* AmartPhotoTests.xctest */,
				93A3BA2D2548E6B40005257A /* AmartPhotoUITests.xctest */,
			);
			name = Products;
			sourceTree = "<group>";
		};
		93A3BA0E2548E6AF0005257A /* AmartPhoto */ = {
			isa = PBXGroup;
			children = (
				937EFFF2256E277400718E2F /* AmartPhoto.entitlements */,
				93A3BA4A2548E6F40005257A /* Models */,
				93A3BA462548E6CF0005257A /* Controllers */,
				93A3BA492548E6EA0005257A /* Views */,
				93C79554255386530014DFD0 /* Helpers + Extensions */,
				93A3BA422548E6C20005257A /* Resources */,
			);
			path = AmartPhoto;
			sourceTree = "<group>";
		};
		93A3BA252548E6B30005257A /* AmartPhotoTests */ = {
			isa = PBXGroup;
			children = (
				93A3BA262548E6B30005257A /* AmartPhotoTests.swift */,
				93A3BA282548E6B30005257A /* Info.plist */,
			);
			path = AmartPhotoTests;
			sourceTree = "<group>";
		};
		93A3BA302548E6B40005257A /* AmartPhotoUITests */ = {
			isa = PBXGroup;
			children = (
				93A3BA312548E6B40005257A /* AmartPhotoUITests.swift */,
				93A3BA332548E6B40005257A /* Info.plist */,
			);
			path = AmartPhotoUITests;
			sourceTree = "<group>";
		};
		93A3BA422548E6C20005257A /* Resources */ = {
			isa = PBXGroup;
			children = (
				93A3BA0F2548E6AF0005257A /* AppDelegate.swift */,
				93A3BA112548E6AF0005257A /* SceneDelegate.swift */,
				93A3BA182548E6B30005257A /* Assets.xcassets */,
				93A3BA1A2548E6B30005257A /* LaunchScreen.storyboard */,
				93A3BA1D2548E6B30005257A /* Info.plist */,
				93C613DC255A4D7800D7ECEC /* GoogleService-Info.plist */,
			);
			path = Resources;
			sourceTree = "<group>";
		};
		93A3BA462548E6CF0005257A /* Controllers */ = {
			isa = PBXGroup;
			children = (
				93A3BA472548E6D70005257A /* ModelControllers */,
				93A3BA482548E6DD0005257A /* ViewControllers */,
			);
			name = Controllers;
			sourceTree = "<group>";
		};
		93A3BA472548E6D70005257A /* ModelControllers */ = {
			isa = PBXGroup;
			children = (
				93C795182552345E0014DFD0 /* UserController.swift */,
				93C7951D2552346C0014DFD0 /* TransactionController.swift */,
			);
			name = ModelControllers;
			sourceTree = "<group>";
		};
		93A3BA482548E6DD0005257A /* ViewControllers */ = {
			isa = PBXGroup;
			children = (
				9320AA82254B580000FA2E57 /* ProjectsViewController.swift */,
				9320AA90254B691C00FA2E57 /* ProfileViewController.swift */,
				9320AA9A254BCF4A00FA2E57 /* ProjectDetailViewController.swift */,
				9320AA9F254CC25500FA2E57 /* CreateTransactionViewController.swift */,
				9320AAA4254F8EDA00FA2E57 /* CreateTransactionContinuedViewController.swift */,
				93C6141F255C8F9900D7ECEC /* InitialViewController.swift */,
				93C79576255505940014DFD0 /* LogInViewController.swift */,
				93C7957E2555067D0014DFD0 /* SignUpViewController.swift */,
				93C795832555068C0014DFD0 /* SignUpContinuedViewController.swift */,
				937EFFFA257346C100718E2F /* MenuViewController.swift */,
				937E0002257365A100718E2F /* InformationViewController.swift */,
			);
			name = ViewControllers;
			sourceTree = "<group>";
		};
		93A3BA492548E6EA0005257A /* Views */ = {
			isa = PBXGroup;
			children = (
				93C7956C255504250014DFD0 /* CustomUI */,
				9320AA87254B585100FA2E57 /* CustomViews */,
				93C795642554B7600014DFD0 /* Main.storyboard */,
				93A3BA152548E6AF0005257A /* Amart.storyboard */,
			);
			path = Views;
			sourceTree = "<group>";
		};
		93A3BA4A2548E6F40005257A /* Models */ = {
			isa = PBXGroup;
			children = (
				93A3BA4B2548E7460005257A /* User.swift */,
				93A3BA502548E79B0005257A /* Transaction.swift */,
				93C79537255355930014DFD0 /* Packages.swift */,
				93C7953C255355E90014DFD0 /* AddOns.swift */,
			);
			path = Models;
			sourceTree = "<group>";
		};
		93C79554255386530014DFD0 /* Helpers + Extensions */ = {
			isa = PBXGroup;
			children = (
				93C79555255386780014DFD0 /* DateExtension.swift */,
				93C61417255B772300D7ECEC /* StyleGuide.swift */,
			);
			path = "Helpers + Extensions";
			sourceTree = "<group>";
		};
		93C7956C255504250014DFD0 /* CustomUI */ = {
			isa = PBXGroup;
			children = (
				93C7956D2555046E0014DFD0 /* CustomButtons */,
			);
			path = CustomUI;
			sourceTree = "<group>";
		};
		93C7956D2555046E0014DFD0 /* CustomButtons */ = {
			isa = PBXGroup;
			children = (
				93C7956E255504BC0014DFD0 /* AmartButton.swift */,
			);
			path = CustomButtons;
			sourceTree = "<group>";
		};
		CA5BD1908B50C67CCA5DBCD6 /* Frameworks */ = {
			isa = PBXGroup;
			children = (
				FF12AE7D800AC6C88BA17E90 /* Pods_AmartPhoto.framework */,
				7628BEC4F32CAAC2861ABCE1 /* Pods_AmartPhoto_AmartPhotoUITests.framework */,
				C9FC08EF47B26A36ED3B9DA0 /* Pods_AmartPhotoTests.framework */,
			);
			name = Frameworks;
			sourceTree = "<group>";
		};
/* End PBXGroup section */

/* Begin PBXNativeTarget section */
		93A3BA0B2548E6AF0005257A /* AmartPhoto */ = {
			isa = PBXNativeTarget;
			buildConfigurationList = 93A3BA362548E6B40005257A /* Build configuration list for PBXNativeTarget "AmartPhoto" */;
			buildPhases = (
				64A20F8240BFF59CEF8EDFCF /* [CP] Check Pods Manifest.lock */,
				93A3BA082548E6AF0005257A /* Sources */,
				93A3BA092548E6AF0005257A /* Frameworks */,
				93A3BA0A2548E6AF0005257A /* Resources */,
				A5FDFA9433BDA6FF87326860 /* [CP] Embed Pods Frameworks */,
			);
			buildRules = (
			);
			dependencies = (
			);
			name = AmartPhoto;
			productName = AmartPhoto;
			productReference = 93A3BA0C2548E6AF0005257A /* AmartPhoto.app */;
			productType = "com.apple.product-type.application";
		};
		93A3BA212548E6B30005257A /* AmartPhotoTests */ = {
			isa = PBXNativeTarget;
			buildConfigurationList = 93A3BA392548E6B40005257A /* Build configuration list for PBXNativeTarget "AmartPhotoTests" */;
			buildPhases = (
				D71D2AB79E0224AD09240326 /* [CP] Check Pods Manifest.lock */,
				93A3BA1E2548E6B30005257A /* Sources */,
				93A3BA1F2548E6B30005257A /* Frameworks */,
				93A3BA202548E6B30005257A /* Resources */,
			);
			buildRules = (
			);
			dependencies = (
				93A3BA242548E6B30005257A /* PBXTargetDependency */,
			);
			name = AmartPhotoTests;
			productName = AmartPhotoTests;
			productReference = 93A3BA222548E6B30005257A /* AmartPhotoTests.xctest */;
			productType = "com.apple.product-type.bundle.unit-test";
		};
		93A3BA2C2548E6B40005257A /* AmartPhotoUITests */ = {
			isa = PBXNativeTarget;
			buildConfigurationList = 93A3BA3C2548E6B40005257A /* Build configuration list for PBXNativeTarget "AmartPhotoUITests" */;
			buildPhases = (
				4CDDF314B3FF92DCFD1B8FD3 /* [CP] Check Pods Manifest.lock */,
				93A3BA292548E6B40005257A /* Sources */,
				93A3BA2A2548E6B40005257A /* Frameworks */,
				93A3BA2B2548E6B40005257A /* Resources */,
				E55E32D9C5E3AA11A76B5D5F /* [CP] Embed Pods Frameworks */,
			);
			buildRules = (
			);
			dependencies = (
				93A3BA2F2548E6B40005257A /* PBXTargetDependency */,
			);
			name = AmartPhotoUITests;
			productName = AmartPhotoUITests;
			productReference = 93A3BA2D2548E6B40005257A /* AmartPhotoUITests.xctest */;
			productType = "com.apple.product-type.bundle.ui-testing";
		};
/* End PBXNativeTarget section */

/* Begin PBXProject section */
		93A3BA042548E6AF0005257A /* Project object */ = {
			isa = PBXProject;
			attributes = {
				LastSwiftUpdateCheck = 1200;
				LastUpgradeCheck = 1200;
				TargetAttributes = {
					93A3BA0B2548E6AF0005257A = {
						CreatedOnToolsVersion = 12.0;
					};
					93A3BA212548E6B30005257A = {
						CreatedOnToolsVersion = 12.0;
						TestTargetID = 93A3BA0B2548E6AF0005257A;
					};
					93A3BA2C2548E6B40005257A = {
						CreatedOnToolsVersion = 12.0;
						TestTargetID = 93A3BA0B2548E6AF0005257A;
					};
				};
			};
			buildConfigurationList = 93A3BA072548E6AF0005257A /* Build configuration list for PBXProject "AmartPhoto" */;
			compatibilityVersion = "Xcode 9.3";
			developmentRegion = en;
			hasScannedForEncodings = 0;
			knownRegions = (
				en,
				Base,
			);
			mainGroup = 93A3BA032548E6AF0005257A;
			productRefGroup = 93A3BA0D2548E6AF0005257A /* Products */;
			projectDirPath = "";
			projectRoot = "";
			targets = (
				93A3BA0B2548E6AF0005257A /* AmartPhoto */,
				93A3BA212548E6B30005257A /* AmartPhotoTests */,
				93A3BA2C2548E6B40005257A /* AmartPhotoUITests */,
			);
		};
/* End PBXProject section */

/* Begin PBXResourcesBuildPhase section */
		93A3BA0A2548E6AF0005257A /* Resources */ = {
			isa = PBXResourcesBuildPhase;
			buildActionMask = 2147483647;
			files = (
				93C795652554B7610014DFD0 /* Main.storyboard in Resources */,
				93A3BA1C2548E6B30005257A /* LaunchScreen.storyboard in Resources */,
				93C613DD255A4D7800D7ECEC /* GoogleService-Info.plist in Resources */,
				93A3BA192548E6B30005257A /* Assets.xcassets in Resources */,
				93A3BA172548E6AF0005257A /* Amart.storyboard in Resources */,
			);
			runOnlyForDeploymentPostprocessing = 0;
		};
		93A3BA202548E6B30005257A /* Resources */ = {
			isa = PBXResourcesBuildPhase;
			buildActionMask = 2147483647;
			files = (
			);
			runOnlyForDeploymentPostprocessing = 0;
		};
		93A3BA2B2548E6B40005257A /* Resources */ = {
			isa = PBXResourcesBuildPhase;
			buildActionMask = 2147483647;
			files = (
			);
			runOnlyForDeploymentPostprocessing = 0;
		};
/* End PBXResourcesBuildPhase section */

/* Begin PBXShellScriptBuildPhase section */
		4CDDF314B3FF92DCFD1B8FD3 /* [CP] Check Pods Manifest.lock */ = {
			isa = PBXShellScriptBuildPhase;
			buildActionMask = 2147483647;
			files = (
			);
			inputFileListPaths = (
			);
			inputPaths = (
				"${PODS_PODFILE_DIR_PATH}/Podfile.lock",
				"${PODS_ROOT}/Manifest.lock",
			);
			name = "[CP] Check Pods Manifest.lock";
			outputFileListPaths = (
			);
			outputPaths = (
				"$(DERIVED_FILE_DIR)/Pods-AmartPhoto-AmartPhotoUITests-checkManifestLockResult.txt",
			);
			runOnlyForDeploymentPostprocessing = 0;
			shellPath = /bin/sh;
			shellScript = "diff \"${PODS_PODFILE_DIR_PATH}/Podfile.lock\" \"${PODS_ROOT}/Manifest.lock\" > /dev/null\nif [ $? != 0 ] ; then\n    # print error to STDERR\n    echo \"error: The sandbox is not in sync with the Podfile.lock. Run 'pod install' or update your CocoaPods installation.\" >&2\n    exit 1\nfi\n# This output is used by Xcode 'outputs' to avoid re-running this script phase.\necho \"SUCCESS\" > \"${SCRIPT_OUTPUT_FILE_0}\"\n";
			showEnvVarsInLog = 0;
		};
		64A20F8240BFF59CEF8EDFCF /* [CP] Check Pods Manifest.lock */ = {
			isa = PBXShellScriptBuildPhase;
			buildActionMask = 2147483647;
			files = (
			);
			inputFileListPaths = (
			);
			inputPaths = (
				"${PODS_PODFILE_DIR_PATH}/Podfile.lock",
				"${PODS_ROOT}/Manifest.lock",
			);
			name = "[CP] Check Pods Manifest.lock";
			outputFileListPaths = (
			);
			outputPaths = (
				"$(DERIVED_FILE_DIR)/Pods-AmartPhoto-checkManifestLockResult.txt",
			);
			runOnlyForDeploymentPostprocessing = 0;
			shellPath = /bin/sh;
			shellScript = "diff \"${PODS_PODFILE_DIR_PATH}/Podfile.lock\" \"${PODS_ROOT}/Manifest.lock\" > /dev/null\nif [ $? != 0 ] ; then\n    # print error to STDERR\n    echo \"error: The sandbox is not in sync with the Podfile.lock. Run 'pod install' or update your CocoaPods installation.\" >&2\n    exit 1\nfi\n# This output is used by Xcode 'outputs' to avoid re-running this script phase.\necho \"SUCCESS\" > \"${SCRIPT_OUTPUT_FILE_0}\"\n";
			showEnvVarsInLog = 0;
		};
		A5FDFA9433BDA6FF87326860 /* [CP] Embed Pods Frameworks */ = {
			isa = PBXShellScriptBuildPhase;
			buildActionMask = 2147483647;
			files = (
			);
			inputFileListPaths = (
				"${PODS_ROOT}/Target Support Files/Pods-AmartPhoto/Pods-AmartPhoto-frameworks-${CONFIGURATION}-input-files.xcfilelist",
			);
			name = "[CP] Embed Pods Frameworks";
			outputFileListPaths = (
				"${PODS_ROOT}/Target Support Files/Pods-AmartPhoto/Pods-AmartPhoto-frameworks-${CONFIGURATION}-output-files.xcfilelist",
			);
			runOnlyForDeploymentPostprocessing = 0;
			shellPath = /bin/sh;
			shellScript = "\"${PODS_ROOT}/Target Support Files/Pods-AmartPhoto/Pods-AmartPhoto-frameworks.sh\"\n";
			showEnvVarsInLog = 0;
		};
		D71D2AB79E0224AD09240326 /* [CP] Check Pods Manifest.lock */ = {
			isa = PBXShellScriptBuildPhase;
			buildActionMask = 2147483647;
			files = (
			);
			inputFileListPaths = (
			);
			inputPaths = (
				"${PODS_PODFILE_DIR_PATH}/Podfile.lock",
				"${PODS_ROOT}/Manifest.lock",
			);
			name = "[CP] Check Pods Manifest.lock";
			outputFileListPaths = (
			);
			outputPaths = (
				"$(DERIVED_FILE_DIR)/Pods-AmartPhotoTests-checkManifestLockResult.txt",
			);
			runOnlyForDeploymentPostprocessing = 0;
			shellPath = /bin/sh;
			shellScript = "diff \"${PODS_PODFILE_DIR_PATH}/Podfile.lock\" \"${PODS_ROOT}/Manifest.lock\" > /dev/null\nif [ $? != 0 ] ; then\n    # print error to STDERR\n    echo \"error: The sandbox is not in sync with the Podfile.lock. Run 'pod install' or update your CocoaPods installation.\" >&2\n    exit 1\nfi\n# This output is used by Xcode 'outputs' to avoid re-running this script phase.\necho \"SUCCESS\" > \"${SCRIPT_OUTPUT_FILE_0}\"\n";
			showEnvVarsInLog = 0;
		};
		E55E32D9C5E3AA11A76B5D5F /* [CP] Embed Pods Frameworks */ = {
			isa = PBXShellScriptBuildPhase;
			buildActionMask = 2147483647;
			files = (
			);
			inputFileListPaths = (
				"${PODS_ROOT}/Target Support Files/Pods-AmartPhoto-AmartPhotoUITests/Pods-AmartPhoto-AmartPhotoUITests-frameworks-${CONFIGURATION}-input-files.xcfilelist",
			);
			name = "[CP] Embed Pods Frameworks";
			outputFileListPaths = (
				"${PODS_ROOT}/Target Support Files/Pods-AmartPhoto-AmartPhotoUITests/Pods-AmartPhoto-AmartPhotoUITests-frameworks-${CONFIGURATION}-output-files.xcfilelist",
			);
			runOnlyForDeploymentPostprocessing = 0;
			shellPath = /bin/sh;
			shellScript = "\"${PODS_ROOT}/Target Support Files/Pods-AmartPhoto-AmartPhotoUITests/Pods-AmartPhoto-AmartPhotoUITests-frameworks.sh\"\n";
			showEnvVarsInLog = 0;
		};
/* End PBXShellScriptBuildPhase section */

/* Begin PBXSourcesBuildPhase section */
		93A3BA082548E6AF0005257A /* Sources */ = {
			isa = PBXSourcesBuildPhase;
			buildActionMask = 2147483647;
			files = (
				9320AAA5254F8EDB00FA2E57 /* CreateTransactionContinuedViewController.swift in Sources */,
				93A3BA4C2548E7460005257A /* User.swift in Sources */,
				9320AA96254B6C4500FA2E57 /* CompletedProjectsTableViewCell.swift in Sources */,
				9320AA89254B586800FA2E57 /* ProjectsTableViewCell.swift in Sources */,
				9320AA83254B580000FA2E57 /* ProjectsViewController.swift in Sources */,
				93A3BA102548E6AF0005257A /* AppDelegate.swift in Sources */,
				93C795842555068C0014DFD0 /* SignUpContinuedViewController.swift in Sources */,
				93C7951E2552346C0014DFD0 /* TransactionController.swift in Sources */,
				93C795192552345E0014DFD0 /* UserController.swift in Sources */,
				93C79577255505940014DFD0 /* LogInViewController.swift in Sources */,
				93C79538255355930014DFD0 /* Packages.swift in Sources */,
				9320AA91254B691C00FA2E57 /* ProfileViewController.swift in Sources */,
				93C61418255B772400D7ECEC /* StyleGuide.swift in Sources */,
				937E0003257365A200718E2F /* InformationViewController.swift in Sources */,
				93A3BA122548E6AF0005257A /* SceneDelegate.swift in Sources */,
				9320AAA0254CC25500FA2E57 /* CreateTransactionViewController.swift in Sources */,
				93C61420255C8F9900D7ECEC /* InitialViewController.swift in Sources */,
				937EFFFB257346C100718E2F /* MenuViewController.swift in Sources */,
				93C7953D255355E90014DFD0 /* AddOns.swift in Sources */,
				93C79556255386790014DFD0 /* DateExtension.swift in Sources */,
				93C7957F2555067D0014DFD0 /* SignUpViewController.swift in Sources */,
				93C7954225535DC40014DFD0 /* PackageCollectionViewCell.swift in Sources */,
				9320AA9B254BCF4B00FA2E57 /* ProjectDetailViewController.swift in Sources */,
				93C7954725535DD40014DFD0 /* AddOnCollectionViewCell.swift in Sources */,
				93A3BA512548E79B0005257A /* Transaction.swift in Sources */,
				93C7956F255504BD0014DFD0 /* AmartButton.swift in Sources */,
			);
			runOnlyForDeploymentPostprocessing = 0;
		};
		93A3BA1E2548E6B30005257A /* Sources */ = {
			isa = PBXSourcesBuildPhase;
			buildActionMask = 2147483647;
			files = (
				93A3BA272548E6B30005257A /* AmartPhotoTests.swift in Sources */,
			);
			runOnlyForDeploymentPostprocessing = 0;
		};
		93A3BA292548E6B40005257A /* Sources */ = {
			isa = PBXSourcesBuildPhase;
			buildActionMask = 2147483647;
			files = (
				93A3BA322548E6B40005257A /* AmartPhotoUITests.swift in Sources */,
			);
			runOnlyForDeploymentPostprocessing = 0;
		};
/* End PBXSourcesBuildPhase section */

/* Begin PBXTargetDependency section */
		93A3BA242548E6B30005257A /* PBXTargetDependency */ = {
			isa = PBXTargetDependency;
			target = 93A3BA0B2548E6AF0005257A /* AmartPhoto */;
			targetProxy = 93A3BA232548E6B30005257A /* PBXContainerItemProxy */;
		};
		93A3BA2F2548E6B40005257A /* PBXTargetDependency */ = {
			isa = PBXTargetDependency;
			target = 93A3BA0B2548E6AF0005257A /* AmartPhoto */;
			targetProxy = 93A3BA2E2548E6B40005257A /* PBXContainerItemProxy */;
		};
/* End PBXTargetDependency section */

/* Begin PBXVariantGroup section */
		93A3BA152548E6AF0005257A /* Amart.storyboard */ = {
			isa = PBXVariantGroup;
			children = (
				93A3BA162548E6AF0005257A /* Base */,
			);
			name = Amart.storyboard;
			sourceTree = "<group>";
		};
		93A3BA1A2548E6B30005257A /* LaunchScreen.storyboard */ = {
			isa = PBXVariantGroup;
			children = (
				93A3BA1B2548E6B30005257A /* Base */,
			);
			name = LaunchScreen.storyboard;
			sourceTree = "<group>";
		};
/* End PBXVariantGroup section */

/* Begin XCBuildConfiguration section */
		93A3BA342548E6B40005257A /* Debug */ = {
			isa = XCBuildConfiguration;
			buildSettings = {
				ALWAYS_SEARCH_USER_PATHS = NO;
				CLANG_ANALYZER_NONNULL = YES;
				CLANG_ANALYZER_NUMBER_OBJECT_CONVERSION = YES_AGGRESSIVE;
				CLANG_CXX_LANGUAGE_STANDARD = "gnu++14";
				CLANG_CXX_LIBRARY = "libc++";
				CLANG_ENABLE_MODULES = YES;
				CLANG_ENABLE_OBJC_ARC = YES;
				CLANG_ENABLE_OBJC_WEAK = YES;
				CLANG_WARN_BLOCK_CAPTURE_AUTORELEASING = YES;
				CLANG_WARN_BOOL_CONVERSION = YES;
				CLANG_WARN_COMMA = YES;
				CLANG_WARN_CONSTANT_CONVERSION = YES;
				CLANG_WARN_DEPRECATED_OBJC_IMPLEMENTATIONS = YES;
				CLANG_WARN_DIRECT_OBJC_ISA_USAGE = YES_ERROR;
				CLANG_WARN_DOCUMENTATION_COMMENTS = YES;
				CLANG_WARN_EMPTY_BODY = YES;
				CLANG_WARN_ENUM_CONVERSION = YES;
				CLANG_WARN_INFINITE_RECURSION = YES;
				CLANG_WARN_INT_CONVERSION = YES;
				CLANG_WARN_NON_LITERAL_NULL_CONVERSION = YES;
				CLANG_WARN_OBJC_IMPLICIT_RETAIN_SELF = YES;
				CLANG_WARN_OBJC_LITERAL_CONVERSION = YES;
				CLANG_WARN_OBJC_ROOT_CLASS = YES_ERROR;
				CLANG_WARN_QUOTED_INCLUDE_IN_FRAMEWORK_HEADER = YES;
				CLANG_WARN_RANGE_LOOP_ANALYSIS = YES;
				CLANG_WARN_STRICT_PROTOTYPES = YES;
				CLANG_WARN_SUSPICIOUS_MOVE = YES;
				CLANG_WARN_UNGUARDED_AVAILABILITY = YES_AGGRESSIVE;
				CLANG_WARN_UNREACHABLE_CODE = YES;
				CLANG_WARN__DUPLICATE_METHOD_MATCH = YES;
				COPY_PHASE_STRIP = NO;
				DEBUG_INFORMATION_FORMAT = dwarf;
				ENABLE_STRICT_OBJC_MSGSEND = YES;
				ENABLE_TESTABILITY = YES;
				GCC_C_LANGUAGE_STANDARD = gnu11;
				GCC_DYNAMIC_NO_PIC = NO;
				GCC_NO_COMMON_BLOCKS = YES;
				GCC_OPTIMIZATION_LEVEL = 0;
				GCC_PREPROCESSOR_DEFINITIONS = (
					"DEBUG=1",
					"$(inherited)",
				);
				GCC_WARN_64_TO_32_BIT_CONVERSION = YES;
				GCC_WARN_ABOUT_RETURN_TYPE = YES_ERROR;
				GCC_WARN_UNDECLARED_SELECTOR = YES;
				GCC_WARN_UNINITIALIZED_AUTOS = YES_AGGRESSIVE;
				GCC_WARN_UNUSED_FUNCTION = YES;
				GCC_WARN_UNUSED_VARIABLE = YES;
				IPHONEOS_DEPLOYMENT_TARGET = 14.0;
				MTL_ENABLE_DEBUG_INFO = INCLUDE_SOURCE;
				MTL_FAST_MATH = YES;
				ONLY_ACTIVE_ARCH = YES;
				SDKROOT = iphoneos;
				SWIFT_ACTIVE_COMPILATION_CONDITIONS = DEBUG;
				SWIFT_OPTIMIZATION_LEVEL = "-Onone";
			};
			name = Debug;
		};
		93A3BA352548E6B40005257A /* Release */ = {
			isa = XCBuildConfiguration;
			buildSettings = {
				ALWAYS_SEARCH_USER_PATHS = NO;
				CLANG_ANALYZER_NONNULL = YES;
				CLANG_ANALYZER_NUMBER_OBJECT_CONVERSION = YES_AGGRESSIVE;
				CLANG_CXX_LANGUAGE_STANDARD = "gnu++14";
				CLANG_CXX_LIBRARY = "libc++";
				CLANG_ENABLE_MODULES = YES;
				CLANG_ENABLE_OBJC_ARC = YES;
				CLANG_ENABLE_OBJC_WEAK = YES;
				CLANG_WARN_BLOCK_CAPTURE_AUTORELEASING = YES;
				CLANG_WARN_BOOL_CONVERSION = YES;
				CLANG_WARN_COMMA = YES;
				CLANG_WARN_CONSTANT_CONVERSION = YES;
				CLANG_WARN_DEPRECATED_OBJC_IMPLEMENTATIONS = YES;
				CLANG_WARN_DIRECT_OBJC_ISA_USAGE = YES_ERROR;
				CLANG_WARN_DOCUMENTATION_COMMENTS = YES;
				CLANG_WARN_EMPTY_BODY = YES;
				CLANG_WARN_ENUM_CONVERSION = YES;
				CLANG_WARN_INFINITE_RECURSION = YES;
				CLANG_WARN_INT_CONVERSION = YES;
				CLANG_WARN_NON_LITERAL_NULL_CONVERSION = YES;
				CLANG_WARN_OBJC_IMPLICIT_RETAIN_SELF = YES;
				CLANG_WARN_OBJC_LITERAL_CONVERSION = YES;
				CLANG_WARN_OBJC_ROOT_CLASS = YES_ERROR;
				CLANG_WARN_QUOTED_INCLUDE_IN_FRAMEWORK_HEADER = YES;
				CLANG_WARN_RANGE_LOOP_ANALYSIS = YES;
				CLANG_WARN_STRICT_PROTOTYPES = YES;
				CLANG_WARN_SUSPICIOUS_MOVE = YES;
				CLANG_WARN_UNGUARDED_AVAILABILITY = YES_AGGRESSIVE;
				CLANG_WARN_UNREACHABLE_CODE = YES;
				CLANG_WARN__DUPLICATE_METHOD_MATCH = YES;
				COPY_PHASE_STRIP = NO;
				DEBUG_INFORMATION_FORMAT = "dwarf-with-dsym";
				ENABLE_NS_ASSERTIONS = NO;
				ENABLE_STRICT_OBJC_MSGSEND = YES;
				GCC_C_LANGUAGE_STANDARD = gnu11;
				GCC_NO_COMMON_BLOCKS = YES;
				GCC_WARN_64_TO_32_BIT_CONVERSION = YES;
				GCC_WARN_ABOUT_RETURN_TYPE = YES_ERROR;
				GCC_WARN_UNDECLARED_SELECTOR = YES;
				GCC_WARN_UNINITIALIZED_AUTOS = YES_AGGRESSIVE;
				GCC_WARN_UNUSED_FUNCTION = YES;
				GCC_WARN_UNUSED_VARIABLE = YES;
				IPHONEOS_DEPLOYMENT_TARGET = 14.0;
				MTL_ENABLE_DEBUG_INFO = NO;
				MTL_FAST_MATH = YES;
				SDKROOT = iphoneos;
				SWIFT_COMPILATION_MODE = wholemodule;
				SWIFT_OPTIMIZATION_LEVEL = "-O";
				VALIDATE_PRODUCT = YES;
			};
			name = Release;
		};
		93A3BA372548E6B40005257A /* Debug */ = {
			isa = XCBuildConfiguration;
			baseConfigurationReference = 9DB4DF71583B6819E2E38CDC /* Pods-AmartPhoto.debug.xcconfig */;
			buildSettings = {
				ASSETCATALOG_COMPILER_APPICON_NAME = AppIcon;
				ASSETCATALOG_COMPILER_GLOBAL_ACCENT_COLOR_NAME = AccentColor;
				CODE_SIGN_ENTITLEMENTS = AmartPhoto/AmartPhoto.entitlements;
				CODE_SIGN_STYLE = Automatic;
				DEVELOPMENT_TEAM = CYXP9477KA;
				INFOPLIST_FILE = AmartPhoto/Resources/Info.plist;
				LD_RUNPATH_SEARCH_PATHS = (
					"$(inherited)",
					"@executable_path/Frameworks",
				);
				PRODUCT_BUNDLE_IDENTIFIER = com.bryanworkman.AmartPhoto;
				PRODUCT_NAME = "$(TARGET_NAME)";
				SWIFT_VERSION = 5.0;
				TARGETED_DEVICE_FAMILY = "1,2";
			};
			name = Debug;
		};
		93A3BA382548E6B40005257A /* Release */ = {
			isa = XCBuildConfiguration;
			baseConfigurationReference = D65D1FB2AE98246FB0847DAE /* Pods-AmartPhoto.release.xcconfig */;
			buildSettings = {
				ASSETCATALOG_COMPILER_APPICON_NAME = AppIcon;
				ASSETCATALOG_COMPILER_GLOBAL_ACCENT_COLOR_NAME = AccentColor;
				CODE_SIGN_ENTITLEMENTS = AmartPhoto/AmartPhoto.entitlements;
				CODE_SIGN_STYLE = Automatic;
				DEVELOPMENT_TEAM = CYXP9477KA;
				INFOPLIST_FILE = AmartPhoto/Resources/Info.plist;
				LD_RUNPATH_SEARCH_PATHS = (
					"$(inherited)",
					"@executable_path/Frameworks",
				);
				PRODUCT_BUNDLE_IDENTIFIER = com.bryanworkman.AmartPhoto;
				PRODUCT_NAME = "$(TARGET_NAME)";
				SWIFT_VERSION = 5.0;
				TARGETED_DEVICE_FAMILY = "1,2";
			};
			name = Release;
		};
		93A3BA3A2548E6B40005257A /* Debug */ = {
			isa = XCBuildConfiguration;
			baseConfigurationReference = 36E2507215A6E68ED059FE6A /* Pods-AmartPhotoTests.debug.xcconfig */;
			buildSettings = {
				ALWAYS_EMBED_SWIFT_STANDARD_LIBRARIES = YES;
				BUNDLE_LOADER = "$(TEST_HOST)";
				CODE_SIGN_STYLE = Automatic;
				DEVELOPMENT_TEAM = CYXP9477KA;
				INFOPLIST_FILE = AmartPhotoTests/Info.plist;
				IPHONEOS_DEPLOYMENT_TARGET = 14.0;
				LD_RUNPATH_SEARCH_PATHS = (
					"$(inherited)",
					"@executable_path/Frameworks",
					"@loader_path/Frameworks",
				);
				PRODUCT_BUNDLE_IDENTIFIER = com.bryanworkman.AmartPhotoTests;
				PRODUCT_NAME = "$(TARGET_NAME)";
				SWIFT_VERSION = 5.0;
				TARGETED_DEVICE_FAMILY = "1,2";
				TEST_HOST = "$(BUILT_PRODUCTS_DIR)/AmartPhoto.app/AmartPhoto";
			};
			name = Debug;
		};
		93A3BA3B2548E6B40005257A /* Release */ = {
			isa = XCBuildConfiguration;
			baseConfigurationReference = 6C7DDBF07247BFC5017E11BE /* Pods-AmartPhotoTests.release.xcconfig */;
			buildSettings = {
				ALWAYS_EMBED_SWIFT_STANDARD_LIBRARIES = YES;
				BUNDLE_LOADER = "$(TEST_HOST)";
				CODE_SIGN_STYLE = Automatic;
				DEVELOPMENT_TEAM = CYXP9477KA;
				INFOPLIST_FILE = AmartPhotoTests/Info.plist;
				IPHONEOS_DEPLOYMENT_TARGET = 14.0;
				LD_RUNPATH_SEARCH_PATHS = (
					"$(inherited)",
					"@executable_path/Frameworks",
					"@loader_path/Frameworks",
				);
				PRODUCT_BUNDLE_IDENTIFIER = com.bryanworkman.AmartPhotoTests;
				PRODUCT_NAME = "$(TARGET_NAME)";
				SWIFT_VERSION = 5.0;
				TARGETED_DEVICE_FAMILY = "1,2";
				TEST_HOST = "$(BUILT_PRODUCTS_DIR)/AmartPhoto.app/AmartPhoto";
			};
			name = Release;
		};
		93A3BA3D2548E6B40005257A /* Debug */ = {
			isa = XCBuildConfiguration;
			baseConfigurationReference = C3EC7F8043A3E5E616641868 /* Pods-AmartPhoto-AmartPhotoUITests.debug.xcconfig */;
			buildSettings = {
				ALWAYS_EMBED_SWIFT_STANDARD_LIBRARIES = YES;
				CODE_SIGN_STYLE = Automatic;
				DEVELOPMENT_TEAM = CYXP9477KA;
				INFOPLIST_FILE = AmartPhotoUITests/Info.plist;
				LD_RUNPATH_SEARCH_PATHS = (
					"$(inherited)",
					"@executable_path/Frameworks",
					"@loader_path/Frameworks",
				);
				PRODUCT_BUNDLE_IDENTIFIER = com.bryanworkman.AmartPhotoUITests;
				PRODUCT_NAME = "$(TARGET_NAME)";
				SWIFT_VERSION = 5.0;
				TARGETED_DEVICE_FAMILY = "1,2";
				TEST_TARGET_NAME = AmartPhoto;
			};
			name = Debug;
		};
		93A3BA3E2548E6B40005257A /* Release */ = {
			isa = XCBuildConfiguration;
			baseConfigurationReference = 406248FE410769A838AD5391 /* Pods-AmartPhoto-AmartPhotoUITests.release.xcconfig */;
			buildSettings = {
				ALWAYS_EMBED_SWIFT_STANDARD_LIBRARIES = YES;
				CODE_SIGN_STYLE = Automatic;
				DEVELOPMENT_TEAM = CYXP9477KA;
				INFOPLIST_FILE = AmartPhotoUITests/Info.plist;
				LD_RUNPATH_SEARCH_PATHS = (
					"$(inherited)",
					"@executable_path/Frameworks",
					"@loader_path/Frameworks",
				);
				PRODUCT_BUNDLE_IDENTIFIER = com.bryanworkman.AmartPhotoUITests;
				PRODUCT_NAME = "$(TARGET_NAME)";
				SWIFT_VERSION = 5.0;
				TARGETED_DEVICE_FAMILY = "1,2";
				TEST_TARGET_NAME = AmartPhoto;
			};
			name = Release;
		};
/* End XCBuildConfiguration section */

/* Begin XCConfigurationList section */
		93A3BA072548E6AF0005257A /* Build configuration list for PBXProject "AmartPhoto" */ = {
			isa = XCConfigurationList;
			buildConfigurations = (
				93A3BA342548E6B40005257A /* Debug */,
				93A3BA352548E6B40005257A /* Release */,
			);
			defaultConfigurationIsVisible = 0;
			defaultConfigurationName = Release;
		};
		93A3BA362548E6B40005257A /* Build configuration list for PBXNativeTarget "AmartPhoto" */ = {
			isa = XCConfigurationList;
			buildConfigurations = (
				93A3BA372548E6B40005257A /* Debug */,
				93A3BA382548E6B40005257A /* Release */,
			);
			defaultConfigurationIsVisible = 0;
			defaultConfigurationName = Release;
		};
		93A3BA392548E6B40005257A /* Build configuration list for PBXNativeTarget "AmartPhotoTests" */ = {
			isa = XCConfigurationList;
			buildConfigurations = (
				93A3BA3A2548E6B40005257A /* Debug */,
				93A3BA3B2548E6B40005257A /* Release */,
			);
			defaultConfigurationIsVisible = 0;
			defaultConfigurationName = Release;
		};
		93A3BA3C2548E6B40005257A /* Build configuration list for PBXNativeTarget "AmartPhotoUITests" */ = {
			isa = XCConfigurationList;
			buildConfigurations = (
				93A3BA3D2548E6B40005257A /* Debug */,
				93A3BA3E2548E6B40005257A /* Release */,
			);
			defaultConfigurationIsVisible = 0;
			defaultConfigurationName = Release;
		};
/* End XCConfigurationList section */
	};
	rootObject = 93A3BA042548E6AF0005257A /* Project object */;
}
